
Microsoft Visual Studio Solution File, Format Version 12.00
# Visual Studio Version 17
VisualStudioVersion = 17.3.32811.315
MinimumVisualStudioVersion = 10.0.40219.1
Project("{9A19103F-16F7-4668-BE54-9A1E7A4F7556}") = "websocket-sharp", "websocket-sharp\websocket-sharp.csproj", "{B357BAC7-529E-4D81-A0D2-71041B19C8DE}"
EndProject
Project("{9A19103F-16F7-4668-BE54-9A1E7A4F7556}") = "WSClient", "WSClient\WSClient.csproj", "{52805AEC-EFB1-4F42-BB8E-3ED4E692C568}"
EndProject
Project("{9A19103F-16F7-4668-BE54-9A1E7A4F7556}") = "WSServer", "WSAServer\WSServer.csproj", "{B81A24C8-25BB-42B2-AF99-1E1EACCE74C7}"
EndProject
Project("{9A19103F-16F7-4668-BE54-9A1E7A4F7556}") = "AWSClient", "AWSClient\AWSClient.csproj", "{799E4881-0A6A-47D2-AA26-61B22F1D646A}"
EndProject
Global
	GlobalSection(SolutionConfigurationPlatforms) = preSolution
		Debug_Linux|Any CPU = Debug_Linux|Any CPU
		Debug_Linux|arm64 = Debug_Linux|arm64
		Debug_Linux|x64 = Debug_Linux|x64
		Debug_Linux|x86 = Debug_Linux|x86
		Debug|Any CPU = Debug|Any CPU
		Debug|arm64 = Debug|arm64
		Debug|x64 = Debug|x64
		Debug|x86 = Debug|x86
		Release_Linux|Any CPU = Release_Linux|Any CPU
		Release_Linux|arm64 = Release_Linux|arm64
		Release_Linux|x64 = Release_Linux|x64
		Release_Linux|x86 = Release_Linux|x86
		Release|Any CPU = Release|Any CPU
		Release|arm64 = Release|arm64
		Release|x64 = Release|x64
		Release|x86 = Release|x86
	EndGlobalSection
	GlobalSection(ProjectConfigurationPlatforms) = postSolution
		{B357BAC7-529E-4D81-A0D2-71041B19C8DE}.Debug_Linux|Any CPU.ActiveCfg = Debug_Linux|Any CPU
		{B357BAC7-529E-4D81-A0D2-71041B19C8DE}.Debug_Linux|Any CPU.Build.0 = Debug_Linux|Any CPU
		{B357BAC7-529E-4D81-A0D2-71041B19C8DE}.Debug_Linux|arm64.ActiveCfg = Debug_Linux|Any CPU
		{B357BAC7-529E-4D81-A0D2-71041B19C8DE}.Debug_Linux|arm64.Build.0 = Debug_Linux|Any CPU
		{B357BAC7-529E-4D81-A0D2-71041B19C8DE}.Debug_Linux|x64.ActiveCfg = Debug_Linux|Any CPU
		{B357BAC7-529E-4D81-A0D2-71041B19C8DE}.Debug_Linux|x64.Build.0 = Debug_Linux|Any CPU
		{B357BAC7-529E-4D81-A0D2-71041B19C8DE}.Debug_Linux|x86.ActiveCfg = Debug_Linux|Any CPU
		{B357BAC7-529E-4D81-A0D2-71041B19C8DE}.Debug_Linux|x86.Build.0 = Debug_Linux|Any CPU
		{B357BAC7-529E-4D81-A0D2-71041B19C8DE}.Debug|Any CPU.ActiveCfg = Debug|Any CPU
		{B357BAC7-529E-4D81-A0D2-71041B19C8DE}.Debug|Any CPU.Build.0 = Debug|Any CPU
		{B357BAC7-529E-4D81-A0D2-71041B19C8DE}.Debug|arm64.ActiveCfg = Debug|Any CPU
		{B357BAC7-529E-4D81-A0D2-71041B19C8DE}.Debug|arm64.Build.0 = Debug|Any CPU
		{B357BAC7-529E-4D81-A0D2-71041B19C8DE}.Debug|x64.ActiveCfg = Debug|Any CPU
		{B357BAC7-529E-4D81-A0D2-71041B19C8DE}.Debug|x64.Build.0 = Debug|Any CPU
		{B357BAC7-529E-4D81-A0D2-71041B19C8DE}.Debug|x86.ActiveCfg = Debug|Any CPU
		{B357BAC7-529E-4D81-A0D2-71041B19C8DE}.Debug|x86.Build.0 = Debug|Any CPU
		{B357BAC7-529E-4D81-A0D2-71041B19C8DE}.Release_Linux|Any CPU.ActiveCfg = Release_Linux|Any CPU
		{B357BAC7-529E-4D81-A0D2-71041B19C8DE}.Release_Linux|Any CPU.Build.0 = Release_Linux|Any CPU
		{B357BAC7-529E-4D81-A0D2-71041B19C8DE}.Release_Linux|arm64.ActiveCfg = Release_Linux|Any CPU
		{B357BAC7-529E-4D81-A0D2-71041B19C8DE}.Release_Linux|arm64.Build.0 = Release_Linux|Any CPU
		{B357BAC7-529E-4D81-A0D2-71041B19C8DE}.Release_Linux|x64.ActiveCfg = Release_Linux|Any CPU
		{B357BAC7-529E-4D81-A0D2-71041B19C8DE}.Release_Linux|x64.Build.0 = Release_Linux|Any CPU
		{B357BAC7-529E-4D81-A0D2-71041B19C8DE}.Release_Linux|x86.ActiveCfg = Release_Linux|Any CPU
		{B357BAC7-529E-4D81-A0D2-71041B19C8DE}.Release_Linux|x86.Build.0 = Release_Linux|Any CPU
		{B357BAC7-529E-4D81-A0D2-71041B19C8DE}.Release|Any CPU.ActiveCfg = Release|Any CPU
		{B357BAC7-529E-4D81-A0D2-71041B19C8DE}.Release|Any CPU.Build.0 = Release|Any CPU
		{B357BAC7-529E-4D81-A0D2-71041B19C8DE}.Release|arm64.ActiveCfg = Release|Any CPU
		{B357BAC7-529E-4D81-A0D2-71041B19C8DE}.Release|arm64.Build.0 = Release|Any CPU
		{B357BAC7-529E-4D81-A0D2-71041B19C8DE}.Release|x64.ActiveCfg = Release|Any CPU
		{B357BAC7-529E-4D81-A0D2-71041B19C8DE}.Release|x64.Build.0 = Release|Any CPU
		{B357BAC7-529E-4D81-A0D2-71041B19C8DE}.Release|x86.ActiveCfg = Release|Any CPU
		{B357BAC7-529E-4D81-A0D2-71041B19C8DE}.Release|x86.Build.0 = Release|Any CPU
		{52805AEC-EFB1-4F42-BB8E-3ED4E692C568}.Debug_Linux|Any CPU.ActiveCfg = Debug_Linux|Any CPU
		{52805AEC-EFB1-4F42-BB8E-3ED4E692C568}.Debug_Linux|Any CPU.Build.0 = Debug_Linux|Any CPU
		{52805AEC-EFB1-4F42-BB8E-3ED4E692C568}.Debug_Linux|arm64.ActiveCfg = Debug_Linux|Any CPU
		{52805AEC-EFB1-4F42-BB8E-3ED4E692C568}.Debug_Linux|arm64.Build.0 = Debug_Linux|Any CPU
		{52805AEC-EFB1-4F42-BB8E-3ED4E692C568}.Debug_Linux|x64.ActiveCfg = Debug_Linux|Any CPU
		{52805AEC-EFB1-4F42-BB8E-3ED4E692C568}.Debug_Linux|x64.Build.0 = Debug_Linux|Any CPU
		{52805AEC-EFB1-4F42-BB8E-3ED4E692C568}.Debug_Linux|x86.ActiveCfg = Debug_Linux|Any CPU
		{52805AEC-EFB1-4F42-BB8E-3ED4E692C568}.Debug_Linux|x86.Build.0 = Debug_Linux|Any CPU
		{52805AEC-EFB1-4F42-BB8E-3ED4E692C568}.Debug|Any CPU.ActiveCfg = Debug|Any CPU
		{52805AEC-EFB1-4F42-BB8E-3ED4E692C568}.Debug|Any CPU.Build.0 = Debug|Any CPU
		{52805AEC-EFB1-4F42-BB8E-3ED4E692C568}.Debug|arm64.ActiveCfg = Debug|Any CPU
		{52805AEC-EFB1-4F42-BB8E-3ED4E692C568}.Debug|arm64.Build.0 = Debug|Any CPU
		{52805AEC-EFB1-4F42-BB8E-3ED4E692C568}.Debug|x64.ActiveCfg = Debug|Any CPU
		{52805AEC-EFB1-4F42-BB8E-3ED4E692C568}.Debug|x64.Build.0 = Debug|Any CPU
		{52805AEC-EFB1-4F42-BB8E-3ED4E692C568}.Debug|x86.ActiveCfg = Debug|Any CPU
		{52805AEC-EFB1-4F42-BB8E-3ED4E692C568}.Debug|x86.Build.0 = Debug|Any CPU
		{52805AEC-EFB1-4F42-BB8E-3ED4E692C568}.Release_Linux|Any CPU.ActiveCfg = Release_Linux|Any CPU
		{52805AEC-EFB1-4F42-BB8E-3ED4E692C568}.Release_Linux|Any CPU.Build.0 = Release_Linux|Any CPU
		{52805AEC-EFB1-4F42-BB8E-3ED4E692C568}.Release_Linux|arm64.ActiveCfg = Release_Linux|Any CPU
		{52805AEC-EFB1-4F42-BB8E-3ED4E692C568}.Release_Linux|arm64.Build.0 = Release_Linux|Any CPU
		{52805AEC-EFB1-4F42-BB8E-3ED4E692C568}.Release_Linux|x64.ActiveCfg = Release_Linux|Any CPU
		{52805AEC-EFB1-4F42-BB8E-3ED4E692C568}.Release_Linux|x64.Build.0 = Release_Linux|Any CPU
		{52805AEC-EFB1-4F42-BB8E-3ED4E692C568}.Release_Linux|x86.ActiveCfg = Release_Linux|Any CPU
		{52805AEC-EFB1-4F42-BB8E-3ED4E692C568}.Release_Linux|x86.Build.0 = Release_Linux|Any CPU
		{52805AEC-EFB1-4F42-BB8E-3ED4E692C568}.Release|Any CPU.ActiveCfg = Release|Any CPU
		{52805AEC-EFB1-4F42-BB8E-3ED4E692C568}.Release|Any CPU.Build.0 = Release|Any CPU
		{52805AEC-EFB1-4F42-BB8E-3ED4E692C568}.Release|arm64.ActiveCfg = Release|Any CPU
		{52805AEC-EFB1-4F42-BB8E-3ED4E692C568}.Release|arm64.Build.0 = Release|Any CPU
		{52805AEC-EFB1-4F42-BB8E-3ED4E692C568}.Release|x64.ActiveCfg = Release|Any CPU
		{52805AEC-EFB1-4F42-BB8E-3ED4E692C568}.Release|x64.Build.0 = Release|Any CPU
		{52805AEC-EFB1-4F42-BB8E-3ED4E692C568}.Release|x86.ActiveCfg = Release|Any CPU
		{52805AEC-EFB1-4F42-BB8E-3ED4E692C568}.Release|x86.Build.0 = Release|Any CPU
		{B81A24C8-25BB-42B2-AF99-1E1EACCE74C7}.Debug_Linux|Any CPU.ActiveCfg = Debug_Linux|Any CPU
		{B81A24C8-25BB-42B2-AF99-1E1EACCE74C7}.Debug_Linux|Any CPU.Build.0 = Debug_Linux|Any CPU
		{B81A24C8-25BB-42B2-AF99-1E1EACCE74C7}.Debug_Linux|arm64.ActiveCfg = Debug_Linux|Any CPU
		{B81A24C8-25BB-42B2-AF99-1E1EACCE74C7}.Debug_Linux|arm64.Build.0 = Debug_Linux|Any CPU
		{B81A24C8-25BB-42B2-AF99-1E1EACCE74C7}.Debug_Linux|x64.ActiveCfg = Debug_Linux|Any CPU
		{B81A24C8-25BB-42B2-AF99-1E1EACCE74C7}.Debug_Linux|x64.Build.0 = Debug_Linux|Any CPU
		{B81A24C8-25BB-42B2-AF99-1E1EACCE74C7}.Debug_Linux|x86.ActiveCfg = Debug_Linux|Any CPU
		{B81A24C8-25BB-42B2-AF99-1E1EACCE74C7}.Debug_Linux|x86.Build.0 = Debug_Linux|Any CPU
		{B81A24C8-25BB-42B2-AF99-1E1EACCE74C7}.Debug|Any CPU.ActiveCfg = Debug|Any CPU
		{B81A24C8-25BB-42B2-AF99-1E1EACCE74C7}.Debug|Any CPU.Build.0 = Debug|Any CPU
		{B81A24C8-25BB-42B2-AF99-1E1EACCE74C7}.Debug|arm64.ActiveCfg = Debug|Any CPU
		{B81A24C8-25BB-42B2-AF99-1E1EACCE74C7}.Debug|arm64.Build.0 = Debug|Any CPU
		{B81A24C8-25BB-42B2-AF99-1E1EACCE74C7}.Debug|x64.ActiveCfg = Debug|Any CPU
		{B81A24C8-25BB-42B2-AF99-1E1EACCE74C7}.Debug|x64.Build.0 = Debug|Any CPU
		{B81A24C8-25BB-42B2-AF99-1E1EACCE74C7}.Debug|x86.ActiveCfg = Debug|Any CPU
		{B81A24C8-25BB-42B2-AF99-1E1EACCE74C7}.Debug|x86.Build.0 = Debug|Any CPU
		{B81A24C8-25BB-42B2-AF99-1E1EACCE74C7}.Release_Linux|Any CPU.ActiveCfg = Release_Linux|Any CPU
		{B81A24C8-25BB-42B2-AF99-1E1EACCE74C7}.Release_Linux|Any CPU.Build.0 = Release_Linux|Any CPU
		{B81A24C8-25BB-42B2-AF99-1E1EACCE74C7}.Release_Linux|arm64.ActiveCfg = Release_Linux|Any CPU
		{B81A24C8-25BB-42B2-AF99-1E1EACCE74C7}.Release_Linux|arm64.Build.0 = Release_Linux|Any CPU
		{B81A24C8-25BB-42B2-AF99-1E1EACCE74C7}.Release_Linux|x64.ActiveCfg = Release_Linux|Any CPU
		{B81A24C8-25BB-42B2-AF99-1E1EACCE74C7}.Release_Linux|x64.Build.0 = Release_Linux|Any CPU
		{B81A24C8-25BB-42B2-AF99-1E1EACCE74C7}.Release_Linux|x86.ActiveCfg = Release_Linux|Any CPU
		{B81A24C8-25BB-42B2-AF99-1E1EACCE74C7}.Release_Linux|x86.Build.0 = Release_Linux|Any CPU
		{B81A24C8-25BB-42B2-AF99-1E1EACCE74C7}.Release|Any CPU.ActiveCfg = Release|Any CPU
		{B81A24C8-25BB-42B2-AF99-1E1EACCE74C7}.Release|Any CPU.Build.0 = Release|Any CPU
		{B81A24C8-25BB-42B2-AF99-1E1EACCE74C7}.Release|arm64.ActiveCfg = Release|Any CPU
		{B81A24C8-25BB-42B2-AF99-1E1EACCE74C7}.Release|arm64.Build.0 = Release|Any CPU
		{B81A24C8-25BB-42B2-AF99-1E1EACCE74C7}.Release|x64.ActiveCfg = Release|Any CPU
		{B81A24C8-25BB-42B2-AF99-1E1EACCE74C7}.Release|x64.Build.0 = Release|Any CPU
		{B81A24C8-25BB-42B2-AF99-1E1EACCE74C7}.Release|x86.ActiveCfg = Release|Any CPU
		{B81A24C8-25BB-42B2-AF99-1E1EACCE74C7}.Release|x86.Build.0 = Release|Any CPU
		{799E4881-0A6A-47D2-AA26-61B22F1D646A}.Debug_Linux|Any CPU.ActiveCfg = Debug_Linux|Any CPU
		{799E4881-0A6A-47D2-AA26-61B22F1D646A}.Debug_Linux|Any CPU.Build.0 = Debug_Linux|Any CPU
		{799E4881-0A6A-47D2-AA26-61B22F1D646A}.Debug_Linux|arm64.ActiveCfg = Debug_Linux|Any CPU
		{799E4881-0A6A-47D2-AA26-61B22F1D646A}.Debug_Linux|arm64.Build.0 = Debug_Linux|Any CPU
		{799E4881-0A6A-47D2-AA26-61B22F1D646A}.Debug_Linux|x64.ActiveCfg = Debug_Linux|Any CPU
		{799E4881-0A6A-47D2-AA26-61B22F1D646A}.Debug_Linux|x64.Build.0 = Debug_Linux|Any CPU
		{799E4881-0A6A-47D2-AA26-61B22F1D646A}.Debug_Linux|x86.ActiveCfg = Debug_Linux|Any CPU
		{799E4881-0A6A-47D2-AA26-61B22F1D646A}.Debug_Linux|x86.Build.0 = Debug_Linux|Any CPU
		{799E4881-0A6A-47D2-AA26-61B22F1D646A}.Debug|Any CPU.ActiveCfg = Debug|Any CPU
		{799E4881-0A6A-47D2-AA26-61B22F1D646A}.Debug|Any CPU.Build.0 = Debug|Any CPU
		{799E4881-0A6A-47D2-AA26-61B22F1D646A}.Debug|arm64.ActiveCfg = Debug|Any CPU
		{799E4881-0A6A-47D2-AA26-61B22F1D646A}.Debug|arm64.Build.0 = Debug|Any CPU
		{799E4881-0A6A-47D2-AA26-61B22F1D646A}.Debug|x64.ActiveCfg = Debug|Any CPU
		{799E4881-0A6A-47D2-AA26-61B22F1D646A}.Debug|x64.Build.0 = Debug|Any CPU
		{799E4881-0A6A-47D2-AA26-61B22F1D646A}.Debug|x86.ActiveCfg = Debug|Any CPU
		{799E4881-0A6A-47D2-AA26-61B22F1D646A}.Debug|x86.Build.0 = Debug|Any CPU
		{799E4881-0A6A-47D2-AA26-61B22F1D646A}.Release_Linux|Any CPU.ActiveCfg = Release_Linux|Any CPU
		{799E4881-0A6A-47D2-AA26-61B22F1D646A}.Release_Linux|Any CPU.Build.0 = Release_Linux|Any CPU
		{799E4881-0A6A-47D2-AA26-61B22F1D646A}.Release_Linux|arm64.ActiveCfg = Release_Linux|Any CPU
		{799E4881-0A6A-47D2-AA26-61B22F1D646A}.Release_Linux|arm64.Build.0 = Release_Linux|Any CPU
		{799E4881-0A6A-47D2-AA26-61B22F1D646A}.Release_Linux|x64.ActiveCfg = Release_Linux|Any CPU
		{799E4881-0A6A-47D2-AA26-61B22F1D646A}.Release_Linux|x64.Build.0 = Release_Linux|Any CPU
		{799E4881-0A6A-47D2-AA26-61B22F1D646A}.Release_Linux|x86.ActiveCfg = Release_Linux|Any CPU
		{799E4881-0A6A-47D2-AA26-61B22F1D646A}.Release_Linux|x86.Build.0 = Release_Linux|Any CPU
		{799E4881-0A6A-47D2-AA26-61B22F1D646A}.Release|Any CPU.ActiveCfg = Release|Any CPU
		{799E4881-0A6A-47D2-AA26-61B22F1D646A}.Release|Any CPU.Build.0 = Release|Any CPU
		{799E4881-0A6A-47D2-AA26-61B22F1D646A}.Release|arm64.ActiveCfg = Release|Any CPU
		{799E4881-0A6A-47D2-AA26-61B22F1D646A}.Release|arm64.Build.0 = Release|Any CPU
		{799E4881-0A6A-47D2-AA26-61B22F1D646A}.Release|x64.ActiveCfg = Release|Any CPU
		{799E4881-0A6A-47D2-AA26-61B22F1D646A}.Release|x64.Build.0 = Release|Any CPU
		{799E4881-0A6A-47D2-AA26-61B22F1D646A}.Release|x86.ActiveCfg = Release|Any CPU
		{799E4881-0A6A-47D2-AA26-61B22F1D646A}.Release|x86.Build.0 = Release|Any CPU
	EndGlobalSection
	GlobalSection(SolutionProperties) = preSolution
		HideSolutionNode = FALSE
	EndGlobalSection
	GlobalSection(ExtensibilityGlobals) = postSolution
		SolutionGuid = {257A40D7-3709-44A7-8C1D-014D20DEB2AE}
	EndGlobalSection
	GlobalSection(MonoDevelopProperties) = preSolution
		StartupItem = websocket-sharp\websocket-sharp.csproj
		Policies = $0
		$0.TextStylePolicy = $1
		$1.inheritsSet = null
		$1.scope = text/x-csharp
		$0.CSharpFormattingPolicy = $2
		$2.inheritsSet = Mono
		$2.inheritsScope = text/x-csharp
		$2.scope = text/x-csharp
	EndGlobalSection
EndGlobal
